
Microsoft Visual Studio Solution File, Format Version 12.00
# Visual Studio Version 16
VisualStudioVersion = 16.0.30717.126
MinimumVisualStudioVersion = 10.0.40219.1
Project("{FAE04EC0-301F-11D3-BF4B-00C04F79EFBC}") = "BodyMassIndex", "BodyMassIndex\BodyMassIndex.csproj", "{A953F68F-7AC7-4B45-A4E7-E4618646174F}"
EndProject
Global
	GlobalSection(SolutionConfigurationPlatforms) = preSolution
		Debug|Any CPU = Debug|Any CPU
		Release|Any CPU = Release|Any CPU
	EndGlobalSection
	GlobalSection(ProjectConfigurationPlatforms) = postSolution
		{A953F68F-7AC7-4B45-A4E7-E4618646174F}.Debug|Any CPU.ActiveCfg = Debug|Any CPU
		{A953F68F-7AC7-4B45-A4E7-E4618646174F}.Debug|Any CPU.Build.0 = Debug|Any CPU
		{A953F68F-7AC7-4B45-A4E7-E4618646174F}.Release|Any CPU.ActiveCfg = Release|Any CPU
		{A953F68F-7AC7-4B45-A4E7-E4618646174F}.Release|Any CPU.Build.0 = Release|Any CPU
	EndGlobalSection
	GlobalSection(SolutionProperties) = preSolution
		HideSolutionNode = FALSE
	EndGlobalSection
	GlobalSection(ExtensibilityGlobals) = postSolution
		SolutionGuid = {262EF951-97A4-4C19-BB8B-9F58088C775D}
	EndGlobalSection
EndGlobal
